
Microsoft Visual Studio Solution File, Format Version 12.00
# Visual Studio 15
VisualStudioVersion = 15.0.28307.852
MinimumVisualStudioVersion = 10.0.40219.1
Project("{8BC9CEB8-8B4A-11D0-8D11-00A0C91BC942}") = "TR", "TR\TR.vcxproj", "{ADB35C53-7277-4F51-8602-6D71787B63AE}"
EndProject
Global
	GlobalSection(SolutionConfigurationPlatforms) = preSolution
		Debug|x64 = Debug|x64
		Debug|x86 = Debug|x86
		Release|x64 = Release|x64
		Release|x86 = Release|x86
	EndGlobalSection
	GlobalSection(ProjectConfigurationPlatforms) = postSolution
		{ADB35C53-7277-4F51-8602-6D71787B63AE}.Debug|x64.ActiveCfg = Debug|x64
		{ADB35C53-7277-4F51-8602-6D71787B63AE}.Debug|x64.Build.0 = Debug|x64
		{ADB35C53-7277-4F51-8602-6D71787B63AE}.Debug|x86.ActiveCfg = Debug|Win32
		{ADB35C53-7277-4F51-8602-6D71787B63AE}.Debug|x86.Build.0 = Debug|Win32
		{ADB35C53-7277-4F51-8602-6D71787B63AE}.Release|x64.ActiveCfg = Release|x64
		{ADB35C53-7277-4F51-8602-6D71787B63AE}.Release|x64.Build.0 = Release|x64
		{ADB35C53-7277-4F51-8602-6D71787B63AE}.Release|x86.ActiveCfg = Release|Win32
		{ADB35C53-7277-4F51-8602-6D71787B63AE}.Release|x86.Build.0 = Release|Win32
	EndGlobalSection
	GlobalSection(SolutionProperties) = preSolution
		HideSolutionNode = FALSE
	EndGlobalSection
	GlobalSection(ExtensibilityGlobals) = postSolution
		SolutionGuid = {1AB95DD0-43FC-4529-B103-3ED95C9ABA61}
	EndGlobalSection
EndGlobal
